Microsoft Visual Studio Solution File, Format Version 12.00
# Visual Studio Version 17
VisualStudioVersion = 17.6.33723.286
MinimumVisualStudioVersion = 10.0.40219.1
Project("{9A19103F-16F7-4668-BE54-9A1E7A4F7556}") = "WorkManager", "FolderCreator\WorkManager.csproj", "{42FCC874-26FC-4788-BA0D-968FFD7A28BB}"
EndProject
Project("{9A19103F-16F7-4668-BE54-9A1E7A4F7556}") = "IconsLibrary", "IconsLibrary\IconsLibrary.csproj", "{4C63B72F-1743-4A2A-8D56-8F49C8939F4C}"
EndProject
Global
	GlobalSection(SolutionConfigurationPlatforms) = preSolution
		Debug|Any CPU = Debug|Any CPU
		Release|Any CPU = Release|Any CPU
	EndGlobalSection
	GlobalSection(ProjectConfigurationPlatforms) = postSolution
		{42FCC874-26FC-4788-BA0D-968FFD7A28BB}.Debug|Any CPU.ActiveCfg = Debug|Any CPU
		{42FCC874-26FC-4788-BA0D-968FFD7A28BB}.Debug|Any CPU.Build.0 = Debug|Any CPU
		{42FCC874-26FC-4788-BA0D-968FFD7A28BB}.Release|Any CPU.ActiveCfg = Release|Any CPU
		{42FCC874-26FC-4788-BA0D-968FFD7A28BB}.Release|Any CPU.Build.0 = Release|Any CPU
		{4C63B72F-1743-4A2A-8D56-8F49C8939F4C}.Debug|Any CPU.ActiveCfg = Debug|Any CPU
		{4C63B72F-1743-4A2A-8D56-8F49C8939F4C}.Debug|Any CPU.Build.0 = Debug|Any CPU
		{4C63B72F-1743-4A2A-8D56-8F49C8939F4C}.Release|Any CPU.ActiveCfg = Release|Any CPU
		{4C63B72F-1743-4A2A-8D56-8F49C8939F4C}.Release|Any CPU.Build.0 = Release|Any CPU
	EndGlobalSection
	GlobalSection(SolutionProperties) = preSolution
		HideSolutionNode = FALSE
	EndGlobalSection
	GlobalSection(ExtensibilityGlobals) = postSolution
		SolutionGuid = {2CD4CD01-906C-4DAE-96AB-3E620E0E1CD6}
	EndGlobalSection
EndGlobal
