
Microsoft Visual Studio Solution File, Format Version 12.00
# Visual Studio Version 17
VisualStudioVersion = 17.6.33815.320
MinimumVisualStudioVersion = 10.0.40219.1
Project("{FAE04EC0-301F-11D3-BF4B-00C04F79EFBC}") = "WPFLearning", "WPFLearning\WPFLearning.csproj", "{2BBFDC7D-DE2C-4D00-8270-2E70473A0E8D}"
EndProject
Global
	GlobalSection(SolutionConfigurationPlatforms) = preSolution
		Debug|Any CPU = Debug|Any CPU
		Release|Any CPU = Release|Any CPU
	EndGlobalSection
	GlobalSection(ProjectConfigurationPlatforms) = postSolution
		{2BBFDC7D-DE2C-4D00-8270-2E70473A0E8D}.Debug|Any CPU.ActiveCfg = Debug|Any CPU
		{2BBFDC7D-DE2C-4D00-8270-2E70473A0E8D}.Debug|Any CPU.Build.0 = Debug|Any CPU
		{2BBFDC7D-DE2C-4D00-8270-2E70473A0E8D}.Release|Any CPU.ActiveCfg = Release|Any CPU
		{2BBFDC7D-DE2C-4D00-8270-2E70473A0E8D}.Release|Any CPU.Build.0 = Release|Any CPU
	EndGlobalSection
	GlobalSection(SolutionProperties) = preSolution
		HideSolutionNode = FALSE
	EndGlobalSection
	GlobalSection(ExtensibilityGlobals) = postSolution
		SolutionGuid = {A9196F07-435C-4019-AB11-C574FFBDAABD}
	EndGlobalSection
EndGlobal
