
Microsoft Visual Studio Solution File, Format Version 12.00
# Visual Studio Version 17
VisualStudioVersion = 17.10.35004.147
MinimumVisualStudioVersion = 10.0.40219.1
Project("{FAE04EC0-301F-11D3-BF4B-00C04F79EFBC}") = "InvariantCultureTesting", "InvariantCultureTesting\InvariantCultureTesting.csproj", "{4C93C3A0-FE95-4C78-8C08-8DFC1FC8D8A2}"
EndProject
Global
	GlobalSection(SolutionConfigurationPlatforms) = preSolution
		Debug|Any CPU = Debug|Any CPU
		Release|Any CPU = Release|Any CPU
	EndGlobalSection
	GlobalSection(ProjectConfigurationPlatforms) = postSolution
		{4C93C3A0-FE95-4C78-8C08-8DFC1FC8D8A2}.Debug|Any CPU.ActiveCfg = Debug|Any CPU
		{4C93C3A0-FE95-4C78-8C08-8DFC1FC8D8A2}.Debug|Any CPU.Build.0 = Debug|Any CPU
		{4C93C3A0-FE95-4C78-8C08-8DFC1FC8D8A2}.Release|Any CPU.ActiveCfg = Release|Any CPU
		{4C93C3A0-FE95-4C78-8C08-8DFC1FC8D8A2}.Release|Any CPU.Build.0 = Release|Any CPU
	EndGlobalSection
	GlobalSection(SolutionProperties) = preSolution
		HideSolutionNode = FALSE
	EndGlobalSection
	GlobalSection(ExtensibilityGlobals) = postSolution
		SolutionGuid = {E2C18CD5-8424-48E0-8AF3-90B931D20FD7}
	EndGlobalSection
EndGlobal
