
Microsoft Visual Studio Solution File, Format Version 12.00
# Visual Studio Version 17
VisualStudioVersion = 17.8.34511.84
MinimumVisualStudioVersion = 10.0.40219.1
Project("{FAE04EC0-301F-11D3-BF4B-00C04F79EFBC}") = "SoapServiceTesting", "SoapServiceTesting\SoapServiceTesting.csproj", "{479FDAD6-0FBB-4E89-BCA3-2AD1811DD7DE}"
EndProject
Global
	GlobalSection(SolutionConfigurationPlatforms) = preSolution
		Debug|Any CPU = Debug|Any CPU
		Release|Any CPU = Release|Any CPU
	EndGlobalSection
	GlobalSection(ProjectConfigurationPlatforms) = postSolution
		{479FDAD6-0FBB-4E89-BCA3-2AD1811DD7DE}.Debug|Any CPU.ActiveCfg = Debug|Any CPU
		{479FDAD6-0FBB-4E89-BCA3-2AD1811DD7DE}.Debug|Any CPU.Build.0 = Debug|Any CPU
		{479FDAD6-0FBB-4E89-BCA3-2AD1811DD7DE}.Release|Any CPU.ActiveCfg = Release|Any CPU
		{479FDAD6-0FBB-4E89-BCA3-2AD1811DD7DE}.Release|Any CPU.Build.0 = Release|Any CPU
	EndGlobalSection
	GlobalSection(SolutionProperties) = preSolution
		HideSolutionNode = FALSE
	EndGlobalSection
	GlobalSection(ExtensibilityGlobals) = postSolution
		SolutionGuid = {B6801561-963D-4748-8742-C4702AD8772B}
	EndGlobalSection
EndGlobal
