
Microsoft Visual Studio Solution File, Format Version 12.00
# Visual Studio Version 17
VisualStudioVersion = 17.11.35222.181
MinimumVisualStudioVersion = 10.0.40219.1
Project("{9A19103F-16F7-4668-BE54-9A1E7A4F7556}") = "ResponsiveWorkManager", "ResponsiveWorkManager\ResponsiveWorkManager.csproj", "{FC585C9C-E695-470A-BCC9-A8A47CE98484}"
EndProject
Project("{FAE04EC0-301F-11D3-BF4B-00C04F79EFBC}") = "IconsLibrary", "IconsLibrary\IconsLibrary.csproj", "{F417CCFB-BD79-496D-A346-FE042249C13D}"
EndProject
Global
	GlobalSection(SolutionConfigurationPlatforms) = preSolution
		Debug|Any CPU = Debug|Any CPU
		Release|Any CPU = Release|Any CPU
	EndGlobalSection
	GlobalSection(ProjectConfigurationPlatforms) = postSolution
		{FC585C9C-E695-470A-BCC9-A8A47CE98484}.Debug|Any CPU.ActiveCfg = Debug|Any CPU
		{FC585C9C-E695-470A-BCC9-A8A47CE98484}.Debug|Any CPU.Build.0 = Debug|Any CPU
		{FC585C9C-E695-470A-BCC9-A8A47CE98484}.Release|Any CPU.ActiveCfg = Release|Any CPU
		{FC585C9C-E695-470A-BCC9-A8A47CE98484}.Release|Any CPU.Build.0 = Release|Any CPU
		{F417CCFB-BD79-496D-A346-FE042249C13D}.Debug|Any CPU.ActiveCfg = Debug|Any CPU
		{F417CCFB-BD79-496D-A346-FE042249C13D}.Debug|Any CPU.Build.0 = Debug|Any CPU
		{F417CCFB-BD79-496D-A346-FE042249C13D}.Release|Any CPU.ActiveCfg = Release|Any CPU
		{F417CCFB-BD79-496D-A346-FE042249C13D}.Release|Any CPU.Build.0 = Release|Any CPU
	EndGlobalSection
	GlobalSection(SolutionProperties) = preSolution
		HideSolutionNode = FALSE
	EndGlobalSection
	GlobalSection(ExtensibilityGlobals) = postSolution
		SolutionGuid = {09E01266-E0F9-4BEE-A2C4-9D51E9A6C3FF}
	EndGlobalSection
EndGlobal
